
Microsoft Visual Studio Solution File, Format Version 12.00
# Visual Studio Version 17
VisualStudioVersion = 17.0.32014.148
MinimumVisualStudioVersion = 10.0.40219.1
Project("{FAE04EC0-301F-11D3-BF4B-00C04F79EFBC}") = "Text Editor", "Text Editor.csproj", "{08C9C100-F871-4D18-BB73-A12C80AB64BC}"
EndProject
Global
	GlobalSection(SolutionConfigurationPlatforms) = preSolution
		Debug|Any CPU = Debug|Any CPU
		Release|Any CPU = Release|Any CPU
	EndGlobalSection
	GlobalSection(ProjectConfigurationPlatforms) = postSolution
		{08C9C100-F871-4D18-BB73-A12C80AB64BC}.Debug|Any CPU.ActiveCfg = Debug|Any CPU
		{08C9C100-F871-4D18-BB73-A12C80AB64BC}.Debug|Any CPU.Build.0 = Debug|Any CPU
		{08C9C100-F871-4D18-BB73-A12C80AB64BC}.Release|Any CPU.ActiveCfg = Release|Any CPU
		{08C9C100-F871-4D18-BB73-A12C80AB64BC}.Release|Any CPU.Build.0 = Release|Any CPU
	EndGlobalSection
	GlobalSection(SolutionProperties) = preSolution
		HideSolutionNode = FALSE
	EndGlobalSection
	GlobalSection(ExtensibilityGlobals) = postSolution
		SolutionGuid = {A78EB0BA-594A-4C7A-BD78-39A3FF35E167}
	EndGlobalSection
EndGlobal
